
Microsoft Visual Studio Solution File, Format Version 12.00
# Visual Studio Version 17
VisualStudioVersion = 17.0.32014.148
MinimumVisualStudioVersion = 10.0.40219.1
Project("{2150E333-8FDC-42A3-9474-1A3956D46DE8}") = "Solution Items", "Solution Items", "{EEDB5079-9193-4369-9EB6-412E1145CA3B}"
	ProjectSection(SolutionItems) = preProject
		.editorconfig = .editorconfig
		build.ps1 = build.ps1
		Jpki.props = Jpki.props
		makefile = makefile
	EndProjectSection
EndProject
Project("{9A19103F-16F7-4668-BE54-9A1E7A4F7556}") = "Jpki.Security.Cryptography", "Jpki.Security.Cryptography\Jpki.Security.Cryptography.csproj", "{FFE60311-CCF8-46F9-A69E-D45AD3E12CEB}"
EndProject
Project("{9A19103F-16F7-4668-BE54-9A1E7A4F7556}") = "Jpki.Security.Cryptography.Test", "Jpki.Security.Cryptography.Test\Jpki.Security.Cryptography.Test.csproj", "{20111F50-A73A-4825-A37A-1F42920C082C}"
EndProject
Project("{9A19103F-16F7-4668-BE54-9A1E7A4F7556}") = "Jpki.Security.WebAuthn", "Jpki.Security.WebAuthn\Jpki.Security.WebAuthn.csproj", "{6C641898-5EEB-4177-8E05-8AE0CF248751}"
EndProject
Project("{9A19103F-16F7-4668-BE54-9A1E7A4F7556}") = "Jpki.Security.WebAuthn.Test", "Jpki.Security.WebAuthn.Test\Jpki.Security.WebAuthn.Test.csproj", "{7B2124FB-0D53-4C57-90BC-824942AE4941}"
EndProject
Project("{9A19103F-16F7-4668-BE54-9A1E7A4F7556}") = "Jpki.Build", "Jpki\Jpki.Build.csproj", "{83F04876-1B36-4153-9C7E-16AD531744C2}"
EndProject
Global
	GlobalSection(SolutionConfigurationPlatforms) = preSolution
		Debug|Any CPU = Debug|Any CPU
		Release|Any CPU = Release|Any CPU
	EndGlobalSection
	GlobalSection(ProjectConfigurationPlatforms) = postSolution
		{FFE60311-CCF8-46F9-A69E-D45AD3E12CEB}.Debug|Any CPU.ActiveCfg = Debug|Any CPU
		{FFE60311-CCF8-46F9-A69E-D45AD3E12CEB}.Debug|Any CPU.Build.0 = Debug|Any CPU
		{FFE60311-CCF8-46F9-A69E-D45AD3E12CEB}.Release|Any CPU.ActiveCfg = Release|Any CPU
		{FFE60311-CCF8-46F9-A69E-D45AD3E12CEB}.Release|Any CPU.Build.0 = Release|Any CPU
		{20111F50-A73A-4825-A37A-1F42920C082C}.Debug|Any CPU.ActiveCfg = Debug|Any CPU
		{20111F50-A73A-4825-A37A-1F42920C082C}.Debug|Any CPU.Build.0 = Debug|Any CPU
		{20111F50-A73A-4825-A37A-1F42920C082C}.Release|Any CPU.ActiveCfg = Release|Any CPU
		{20111F50-A73A-4825-A37A-1F42920C082C}.Release|Any CPU.Build.0 = Release|Any CPU
		{6C641898-5EEB-4177-8E05-8AE0CF248751}.Debug|Any CPU.ActiveCfg = Debug|Any CPU
		{6C641898-5EEB-4177-8E05-8AE0CF248751}.Debug|Any CPU.Build.0 = Debug|Any CPU
		{6C641898-5EEB-4177-8E05-8AE0CF248751}.Release|Any CPU.ActiveCfg = Release|Any CPU
		{6C641898-5EEB-4177-8E05-8AE0CF248751}.Release|Any CPU.Build.0 = Release|Any CPU
		{7B2124FB-0D53-4C57-90BC-824942AE4941}.Debug|Any CPU.ActiveCfg = Debug|Any CPU
		{7B2124FB-0D53-4C57-90BC-824942AE4941}.Debug|Any CPU.Build.0 = Debug|Any CPU
		{7B2124FB-0D53-4C57-90BC-824942AE4941}.Release|Any CPU.ActiveCfg = Release|Any CPU
		{7B2124FB-0D53-4C57-90BC-824942AE4941}.Release|Any CPU.Build.0 = Release|Any CPU
		{83F04876-1B36-4153-9C7E-16AD531744C2}.Debug|Any CPU.ActiveCfg = Debug|Any CPU
		{83F04876-1B36-4153-9C7E-16AD531744C2}.Debug|Any CPU.Build.0 = Debug|Any CPU
		{83F04876-1B36-4153-9C7E-16AD531744C2}.Release|Any CPU.ActiveCfg = Release|Any CPU
		{83F04876-1B36-4153-9C7E-16AD531744C2}.Release|Any CPU.Build.0 = Release|Any CPU
	EndGlobalSection
	GlobalSection(SolutionProperties) = preSolution
		HideSolutionNode = FALSE
	EndGlobalSection
	GlobalSection(ExtensibilityGlobals) = postSolution
		SolutionGuid = {D49FD63F-ECF7-4CCF-BE54-55C732C6EF04}
	EndGlobalSection
EndGlobal
